
Microsoft Visual Studio Solution File, Format Version 12.00
# Visual Studio Version 17
VisualStudioVersion = 17.7.34031.279
MinimumVisualStudioVersion = 10.0.40219.1
Project("{FAE04EC0-301F-11D3-BF4B-00C04F79EFBC}") = "15-pW", "15-pW\15-pW.csproj", "{58E82B89-CB58-4D44-A134-A506A2F9CBCA}"
EndProject
Global
	GlobalSection(SolutionConfigurationPlatforms) = preSolution
		Debug|Any CPU = Debug|Any CPU
		Release|Any CPU = Release|Any CPU
	EndGlobalSection
	GlobalSection(ProjectConfigurationPlatforms) = postSolution
		{58E82B89-CB58-4D44-A134-A506A2F9CBCA}.Debug|Any CPU.ActiveCfg = Debug|Any CPU
		{58E82B89-CB58-4D44-A134-A506A2F9CBCA}.Debug|Any CPU.Build.0 = Debug|Any CPU
		{58E82B89-CB58-4D44-A134-A506A2F9CBCA}.Release|Any CPU.ActiveCfg = Release|Any CPU
		{58E82B89-CB58-4D44-A134-A506A2F9CBCA}.Release|Any CPU.Build.0 = Release|Any CPU
	EndGlobalSection
	GlobalSection(SolutionProperties) = preSolution
		HideSolutionNode = FALSE
	EndGlobalSection
	GlobalSection(ExtensibilityGlobals) = postSolution
		SolutionGuid = {A1C0115A-DDAD-485F-AD39-BB7C54EC016F}
	EndGlobalSection
EndGlobal
